
Microsoft Visual Studio Solution File, Format Version 12.00
# Visual Studio 15
VisualStudioVersion = 15.0.27703.2000
MinimumVisualStudioVersion = 10.0.40219.1
Project("{FAE04EC0-301F-11D3-BF4B-00C04F79EFBC}") = "PizzaSite", "PizzaSite\PizzaSite.csproj", "{1011059D-20E3-469F-BC40-A6CCB6BE66DE}"
EndProject
Global
	GlobalSection(SolutionConfigurationPlatforms) = preSolution
		Debug|Any CPU = Debug|Any CPU
		Release|Any CPU = Release|Any CPU
	EndGlobalSection
	GlobalSection(ProjectConfigurationPlatforms) = postSolution
		{1011059D-20E3-469F-BC40-A6CCB6BE66DE}.Debug|Any CPU.ActiveCfg = Debug|Any CPU
		{1011059D-20E3-469F-BC40-A6CCB6BE66DE}.Debug|Any CPU.Build.0 = Debug|Any CPU
		{1011059D-20E3-469F-BC40-A6CCB6BE66DE}.Release|Any CPU.ActiveCfg = Release|Any CPU
		{1011059D-20E3-469F-BC40-A6CCB6BE66DE}.Release|Any CPU.Build.0 = Release|Any CPU
	EndGlobalSection
	GlobalSection(SolutionProperties) = preSolution
		HideSolutionNode = FALSE
	EndGlobalSection
	GlobalSection(ExtensibilityGlobals) = postSolution
		SolutionGuid = {4DA004EE-0923-44E8-A194-BBED4C2E5760}
	EndGlobalSection
EndGlobal
